{
  "name": "themes",
  "lockfileVersion": 3,
  "requires": true,
  "packages": {
    "": {
      "dependencies": {
        "@vivliostyle/theme-techbook": "file:../../theme"
      }
    },
    "../../theme": {
      "version": "0.4.1",
      "license": "CC0-1.0",
      "devDependencies": {
        "sass": "^1.32.8",
        "vivliostyle-theme-scripts": "^0.3.5"
      }
    },
    "node_modules/@vivliostyle/theme-techbook": {
      "resolved": "../../theme",
      "link": true
    }
  }
}
